{
  "name": "get-shit-pretty",
  "version": "0.4.1",
  "lockfileVersion": 3,
  "requires": true,
  "packages": {
    "": {
      "name": "get-shit-pretty",
      "version": "0.4.1",
      "license": "MIT",
      "dependencies": {
        "get-shit-pretty": "^0.4.1"
      },
      "bin": {
        "get-shit-pretty": "bin/install.js"
      }
    },
    "node_modules/get-shit-pretty": {
      "version": "0.4.1",
      "resolved": "https://registry.npmjs.org/get-shit-pretty/-/get-shit-pretty-0.4.1.tgz",
      "integrity": "sha512-16oJO2K1NpA45iFAdZ9+CeYFRJVP0nFzAWxGZjsI3YPPugD5mzooe7fvJ3gv+7M3iwMJTSV6vBXWMGT+DoSo+Q==",
      "license": "MIT",
      "bin": {
        "get-shit-pretty": "bin/install.js"
      }
    }
  }
}
